# This file is automatically @generated by Cargo.
# It is not intended for manual editing.
version = 3

[[package]]
name = "acronym"
version = "1.7.0"

[[package]]
name = "allergies"
version = "1.1.0"

[[package]]
name = "allyourbase"
version = "1.0.0"

[[package]]
name = "anagram"
version = "0.0.0"

[[package]]
name = "armstrong_numbers"
version = "1.1.0"

[[package]]
name = "assembly-line"
version = "0.1.0"

[[package]]
name = "autocfg"
version = "1.1.0"
source = "registry+https://github.com/rust-lang/crates.io-index"
checksum = "d468802bab17cbc0cc575e9b053f41e72aa36bfa6b7f55e3529ffa43161b97fa"

[[package]]
name = "beer-song"
version = "0.0.0"

[[package]]
name = "bob"
version = "1.6.0"

[[package]]
name = "bowling"
version = "1.2.0"

[[package]]
name = "clock"
version = "2.4.0"

[[package]]
name = "collatz_conjecture"
version = "1.2.1"

[[package]]
name = "custom-set"
version = "1.0.1"

[[package]]
name = "difference-of-squares"
version = "1.2.0"

[[package]]
name = "enum-iterator"
version = "1.2.0"
source = "registry+https://github.com/rust-lang/crates.io-index"
checksum = "91a4ec26efacf4aeff80887a175a419493cb6f8b5480d26387eb0bd038976187"
dependencies = [
 "enum-iterator-derive",
]

[[package]]
name = "enum-iterator-derive"
version = "1.1.0"
source = "registry+https://github.com/rust-lang/crates.io-index"
checksum = "828de45d0ca18782232dfb8f3ea9cc428e8ced380eb26a520baaacfc70de39ce"
dependencies = [
 "proc-macro2",
 "quote",
 "syn",
]

[[package]]
name = "etl"
version = "1.0.0"

[[package]]
name = "gigasecond"
version = "2.0.0"
dependencies = [
 "time",
]

[[package]]
name = "grade-school"
version = "0.0.0"

[[package]]
name = "grains"
version = "1.2.0"

[[package]]
name = "hamming"
version = "2.2.0"

[[package]]
name = "hashbrown"
version = "0.12.3"
source = "registry+https://github.com/rust-lang/crates.io-index"
checksum = "8a9ee70c43aaf417c914396645a0fa852624801b24ebb7ae78fe8272889ac888"

[[package]]
name = "health_statistics"
version = "0.1.0"

[[package]]
name = "hello-world"
version = "1.1.0"

[[package]]
name = "high-scores"
version = "4.0.0"

[[package]]
name = "indexmap"
version = "1.9.2"
source = "registry+https://github.com/rust-lang/crates.io-index"
checksum = "1885e79c1fc4b10f0e172c475f458b7f7b93061064d98c3293e98c5ba0c8b399"
dependencies = [
 "autocfg",
 "hashbrown",
]

[[package]]
name = "int-enum"
version = "0.5.0"
source = "registry+https://github.com/rust-lang/crates.io-index"
checksum = "cff87d3cc4b79b4559e3c75068d64247284aceb6a038bd4bb38387f3f164476d"
dependencies = [
 "int-enum-impl",
]

[[package]]
name = "int-enum-impl"
version = "0.5.0"
source = "registry+https://github.com/rust-lang/crates.io-index"
checksum = "df1f2f068675add1a3fc77f5f5ab2e29290c841ee34d151abc007bce902e5d34"
dependencies = [
 "proc-macro-crate",
 "proc-macro2",
 "quote",
 "syn",
]

[[package]]
name = "isbn-verifier"
version = "2.7.0"

[[package]]
name = "isogram"
version = "1.3.0"

[[package]]
name = "leap"
version = "1.6.0"

[[package]]
name = "low_power_embedded_game"
version = "0.1.0"

[[package]]
name = "lucians-luscious-lasagna"
version = "0.1.0"

[[package]]
name = "luhn"
version = "1.6.1"

[[package]]
name = "macros"
version = "0.1.0"

[[package]]
name = "magazine_cutout"
version = "0.1.0"

[[package]]
name = "matching-brackets"
version = "2.0.0"

[[package]]
name = "memchr"
version = "2.5.0"
source = "registry+https://github.com/rust-lang/crates.io-index"
checksum = "2dffe52ecf27772e601905b7522cb4ef790d2cc203488bbd0e2fe85fcb74566d"

[[package]]
name = "minesweeper"
version = "1.1.0"

[[package]]
name = "nom8"
version = "0.2.0"
source = "registry+https://github.com/rust-lang/crates.io-index"
checksum = "ae01545c9c7fc4486ab7debaf2aad7003ac19431791868fb2e8066df97fad2f8"
dependencies = [
 "memchr",
]

[[package]]
name = "nth_prime"
version = "2.1.0"

[[package]]
name = "nucleotide-count"
version = "1.3.0"

[[package]]
name = "once_cell"
version = "1.17.0"
source = "registry+https://github.com/rust-lang/crates.io-index"
checksum = "6f61fba1741ea2b3d6a1e3178721804bb716a68a6aeba1149b5d52e3d464ea66"

[[package]]
name = "parallel-letter-frequency"
version = "0.0.0"

[[package]]
name = "pascals-triangle"
version = "1.5.0"

[[package]]
name = "perfect_numbers"
version = "1.1.0"

[[package]]
name = "prime_factors"
version = "1.1.0"

[[package]]
name = "proc-macro-crate"
version = "1.3.0"
source = "registry+https://github.com/rust-lang/crates.io-index"
checksum = "66618389e4ec1c7afe67d51a9bf34ff9236480f8d51e7489b7d5ab0303c13f34"
dependencies = [
 "once_cell",
 "toml_edit",
]

[[package]]
name = "proc-macro2"
version = "1.0.50"
source = "registry+https://github.com/rust-lang/crates.io-index"
checksum = "6ef7d57beacfaf2d8aee5937dab7b7f28de3cb8b1828479bb5de2a7106f2bae2"
dependencies = [
 "unicode-ident",
]

[[package]]
name = "proverb"
version = "1.1.0"

[[package]]
name = "quote"
version = "1.0.23"
source = "registry+https://github.com/rust-lang/crates.io-index"
checksum = "8856d8364d252a14d474036ea1358d63c9e6965c8e5c1885c18f73d70bff9c7b"
dependencies = [
 "proc-macro2",
]

[[package]]
name = "raindrops"
version = "1.1.0"

[[package]]
name = "resistor-color"
version = "1.0.0"
dependencies = [
 "enum-iterator",
 "int-enum",
]

[[package]]
name = "reverse_string"
version = "1.2.0"
dependencies = [
 "unicode-reverse",
]

[[package]]
name = "rna-transcription"
version = "1.0.0"

[[package]]
name = "role_playing_game"
version = "0.1.0"

[[package]]
name = "rpn_calculator"
version = "0.1.0"

[[package]]
name = "rust"
version = "0.1.0"

[[package]]
name = "saddle-points"
version = "1.3.0"

[[package]]
name = "semi_structured_logs"
version = "0.1.0"

[[package]]
name = "serde"
version = "1.0.152"
source = "registry+https://github.com/rust-lang/crates.io-index"
checksum = "bb7d1f0d3021d347a83e556fc4683dea2ea09d87bccdf88ff5c12545d89d5efb"

[[package]]
name = "series"
version = "0.1.0"

[[package]]
name = "short_fibonacci"
version = "0.1.0"

[[package]]
name = "space-age"
version = "1.2.0"

[[package]]
name = "spiral-matrix"
version = "1.1.0"

[[package]]
name = "sublist"
version = "0.0.0"

[[package]]
name = "sum-of-multiples"
version = "1.5.0"

[[package]]
name = "syn"
version = "1.0.107"
source = "registry+https://github.com/rust-lang/crates.io-index"
checksum = "1f4064b5b16e03ae50984a5a8ed5d4f8803e6bc1fd170a3cda91a1be4b18e3f5"
dependencies = [
 "proc-macro2",
 "quote",
 "unicode-ident",
]

[[package]]
name = "time"
version = "0.3.17"
source = "registry+https://github.com/rust-lang/crates.io-index"
checksum = "a561bf4617eebd33bca6434b988f39ed798e527f51a1e797d0ee4f61c0a38376"
dependencies = [
 "serde",
 "time-core",
]

[[package]]
name = "time-core"
version = "0.1.0"
source = "registry+https://github.com/rust-lang/crates.io-index"
checksum = "2e153e1f1acaef8acc537e68b44906d2db6436e2b35ac2c6b42640fff91f00fd"

[[package]]
name = "toml_datetime"
version = "0.5.1"
source = "registry+https://github.com/rust-lang/crates.io-index"
checksum = "4553f467ac8e3d374bc9a177a26801e5d0f9b211aa1673fb137a403afd1c9cf5"

[[package]]
name = "toml_edit"
version = "0.18.1"
source = "registry+https://github.com/rust-lang/crates.io-index"
checksum = "56c59d8dd7d0dcbc6428bf7aa2f0e823e26e43b3c9aca15bbc9475d23e5fa12b"
dependencies = [
 "indexmap",
 "nom8",
 "toml_datetime",
]

[[package]]
name = "tournament"
version = "1.4.0"

[[package]]
name = "unicode-ident"
version = "1.0.6"
source = "registry+https://github.com/rust-lang/crates.io-index"
checksum = "84a22b9f218b40614adcb3f4ff08b703773ad44fa9423e4e0d346d5db86e4ebc"

[[package]]
name = "unicode-reverse"
version = "1.0.8"
source = "registry+https://github.com/rust-lang/crates.io-index"
checksum = "0bea5dacebb0d2d0a69a6700a05b59b3908bf801bf563a49bd27a1b60122962c"
dependencies = [
 "unicode-segmentation",
]

[[package]]
name = "unicode-segmentation"
version = "1.10.1"
source = "registry+https://github.com/rust-lang/crates.io-index"
checksum = "1dd624098567895118886609431a7c3b8f516e41d30e0643f03d94592a147e36"
